Microsoft Visual Studio Solution File, Format Version 12.00
# Visual Studio Version 17
VisualStudioVersion = 17.5.2.0
MinimumVisualStudioVersion = 10.0.40219.1
Project("{FAE04EC0-301F-11D3-BF4B-00C04F79EFBC}") = "NotesApp.Api", "api\NotesApp.Api.csproj", "{FECA974E-F47D-FF32-39CE-F9B9CF65D6FD}"
EndProject
Global
	GlobalSection(SolutionConfigurationPlatforms) = preSolution
		Debug|Any CPU = Debug|Any CPU
		Release|Any CPU = Release|Any CPU
	EndGlobalSection
	GlobalSection(ProjectConfigurationPlatforms) = postSolution
		{FECA974E-F47D-FF32-39CE-F9B9CF65D6FD}.Debug|Any CPU.ActiveCfg = Debug|Any CPU
		{FECA974E-F47D-FF32-39CE-F9B9CF65D6FD}.Debug|Any CPU.Build.0 = Debug|Any CPU
		{FECA974E-F47D-FF32-39CE-F9B9CF65D6FD}.Release|Any CPU.ActiveCfg = Release|Any CPU
		{FECA974E-F47D-FF32-39CE-F9B9CF65D6FD}.Release|Any CPU.Build.0 = Release|Any CPU
	EndGlobalSection
	GlobalSection(SolutionProperties) = preSolution
		HideSolutionNode = FALSE
	EndGlobalSection
	GlobalSection(ExtensibilityGlobals) = postSolution
		SolutionGuid = {595EFFAC-EE19-4D10-83C6-D3161498C560}
	EndGlobalSection
EndGlobal
